// !$*UTF8*$!
{
	archiveVersion = 1;
	classes = {
	};
	objectVersion = 48;
	objects = {

/* Begin PBXBuildFile section */
		2350F8A0A06956695B361483 /* Pods_MusicPlayer2.framework in Frameworks */ = {isa = PBXBuildFile; fileRef = F5E7C0105C4424308CD18E2C /* Pods_MusicPlayer2.framework */; };
		F3E7D2E51FE43E570070B027 /* AppDelegate.swift in Sources */ = {isa = PBXBuildFile; fileRef = F3E7D2E41FE43E570070B027 /* AppDelegate.swift */; };
		F3E7D2E71FE43E570070B027 /* ViewController.swift in Sources */ = {isa = PBXBuildFile; fileRef = F3E7D2E61FE43E570070B027 /* ViewController.swift */; };
		F3E7D2EA1FE43E570070B027 /* Main.storyboard in Resources */ = {isa = PBXBuildFile; fileRef = F3E7D2E81FE43E570070B027 /* Main.storyboard */; };
		F3E7D2EC1FE43E570070B027 /* Assets.xcassets in Resources */ = {isa = PBXBuildFile; fileRef = F3E7D2EB1FE43E570070B027 /* Assets.xcassets */; };
		F3E7D2EF1FE43E570070B027 /* LaunchScreen.storyboard in Resources */ = {isa = PBXBuildFile; fileRef = F3E7D2ED1FE43E570070B027 /* LaunchScreen.storyboard */; };
		F3E7D2FC1FE4401A0070B027 /* Who I Am (Feat. LunchMoney Lewis) - Maroon 5.m4a in Resources */ = {isa = PBXBuildFile; fileRef = F3E7D2F61FE440190070B027 /* Who I Am (Feat. LunchMoney Lewis) - Maroon 5.m4a */; };
		F3E7D2FD1FE4401A0070B027 /* Make you love me (Feat. Zak Abel) - Jarreau Vandal.m4a in Resources */ = {isa = PBXBuildFile; fileRef = F3E7D2F71FE440190070B027 /* Make you love me (Feat. Zak Abel) - Jarreau Vandal.m4a */; };
		F3E7D2FE1FE4401A0070B027 /* Native Son Prequel(Feat. Leo Napier) - Gramatik.m4a in Resources */ = {isa = PBXBuildFile; fileRef = F3E7D2F81FE440190070B027 /* Native Son Prequel(Feat. Leo Napier) - Gramatik.m4a */; };
		F3E7D2FF1FE4401A0070B027 /* Calling Me - Aquilo.m4a in Resources */ = {isa = PBXBuildFile; fileRef = F3E7D2F91FE4401A0070B027 /* Calling Me - Aquilo.m4a */; };
		F3E7D3001FE4401A0070B027 /* 3am - HONNE.m4a in Resources */ = {isa = PBXBuildFile; fileRef = F3E7D2FA1FE4401A0070B027 /* 3am - HONNE.m4a */; };
		F3E7D3011FE4401A0070B027 /* San Francisco Street - Sun Rai.m4a in Resources */ = {isa = PBXBuildFile; fileRef = F3E7D2FB1FE4401A0070B027 /* San Francisco Street - Sun Rai.m4a */; };
		F3E7D3031FE441F60070B027 /* ListCell.swift in Sources */ = {isa = PBXBuildFile; fileRef = F3E7D3021FE441F60070B027 /* ListCell.swift */; };
		F3E7D3051FE4439D0070B027 /* Music.swift in Sources */ = {isa = PBXBuildFile; fileRef = F3E7D3041FE4439D0070B027 /* Music.swift */; };
		F3E7D3071FE454C30070B027 /* PopUpView.swift in Sources */ = {isa = PBXBuildFile; fileRef = F3E7D3061FE454C30070B027 /* PopUpView.swift */; };
		F3E7D3091FE53F300070B027 /* Service.swift in Sources */ = {isa = PBXBuildFile; fileRef = F3E7D3081FE53F300070B027 /* Service.swift */; };
/* End PBXBuildFile section */

/* Begin PBXFileReference section */
		AA9DAF3F4B5C979066ADDFDC /* Pods-MusicPlayer2.release.xcconfig */ = {isa = PBXFileReference; includeInIndex = 1; lastKnownFileType = text.xcconfig; name = "Pods-MusicPlayer2.release.xcconfig"; path = "Pods/Target Support Files/Pods-MusicPlayer2/Pods-MusicPlayer2.release.xcconfig"; sourceTree = "<group>"; };
		ACD5F15B06721F2A984FDF3B /* Pods-MusicPlayer2.debug.xcconfig */ = {isa = PBXFileReference; includeInIndex = 1; lastKnownFileType = text.xcconfig; name = "Pods-MusicPlayer2.debug.xcconfig"; path = "Pods/Target Support Files/Pods-MusicPlayer2/Pods-MusicPlayer2.debug.xcconfig"; sourceTree = "<group>"; };
		F3E7D2E11FE43E570070B027 /* MusicPlayer2.app */ = {isa = PBXFileReference; explicitFileType = wrapper.application; includeInIndex = 0; path = MusicPlayer2.app; sourceTree = BUILT_PRODUCTS_DIR; };
		F3E7D2E41FE43E570070B027 /* AppDelegate.swift */ = {isa = PBXFileReference; lastKnownFileType = sourcecode.swift; path = AppDelegate.swift; sourceTree = "<group>"; };
		F3E7D2E61FE43E570070B027 /* ViewController.swift */ = {isa = PBXFileReference; lastKnownFileType = sourcecode.swift; path = ViewController.swift; sourceTree = "<group>"; };
		F3E7D2E91FE43E570070B027 /* Base */ = {isa = PBXFileReference; lastKnownFileType = file.storyboard; name = Base; path = Base.lproj/Main.storyboard; sourceTree = "<group>"; };
		F3E7D2EB1FE43E570070B027 /* Assets.xcassets */ = {isa = PBXFileReference; lastKnownFileType = folder.assetcatalog; path = Assets.xcassets; sourceTree = "<group>"; };
		F3E7D2EE1FE43E570070B027 /* Base */ = {isa = PBXFileReference; lastKnownFileType = file.storyboard; name = Base; path = Base.lproj/LaunchScreen.storyboard; sourceTree = "<group>"; };
		F3E7D2F01FE43E570070B027 /* Info.plist */ = {isa = PBXFileReference; lastKnownFileType = text.plist.xml; path = Info.plist; sourceTree = "<group>"; };
		F3E7D2F61FE440190070B027 /* Who I Am (Feat. LunchMoney Lewis) - Maroon 5.m4a */ = {isa = PBXFileReference; lastKnownFileType = file; path = "Who I Am (Feat. LunchMoney Lewis) - Maroon 5.m4a"; sourceTree = "<group>"; };
		F3E7D2F71FE440190070B027 /* Make you love me (Feat. Zak Abel) - Jarreau Vandal.m4a */ = {isa = PBXFileReference; lastKnownFileType = file; path = "Make you love me (Feat. Zak Abel) - Jarreau Vandal.m4a"; sourceTree = "<group>"; };
		F3E7D2F81FE440190070B027 /* Native Son Prequel(Feat. Leo Napier) - Gramatik.m4a */ = {isa = PBXFileReference; lastKnownFileType = file; path = "Native Son Prequel(Feat. Leo Napier) - Gramatik.m4a"; sourceTree = "<group>"; };
		F3E7D2F91FE4401A0070B027 /* Calling Me - Aquilo.m4a */ = {isa = PBXFileReference; lastKnownFileType = file; path = "Calling Me - Aquilo.m4a"; sourceTree = "<group>"; };
		F3E7D2FA1FE4401A0070B027 /* 3am - HONNE.m4a */ = {isa = PBXFileReference; lastKnownFileType = file; path = "3am - HONNE.m4a"; sourceTree = "<group>"; };
		F3E7D2FB1FE4401A0070B027 /* San Francisco Street - Sun Rai.m4a */ = {isa = PBXFileReference; lastKnownFileType = file; path = "San Francisco Street - Sun Rai.m4a"; sourceTree = "<group>"; };
		F3E7D3021FE441F60070B027 /* ListCell.swift */ = {isa = PBXFileReference; lastKnownFileType = sourcecode.swift; path = ListCell.swift; sourceTree = "<group>"; };
		F3E7D3041FE4439D0070B027 /* Music.swift */ = {isa = PBXFileReference; lastKnownFileType = sourcecode.swift; path = Music.swift; sourceTree = "<group>"; };
		F3E7D3061FE454C30070B027 /* PopUpView.swift */ = {isa = PBXFileReference; lastKnownFileType = sourcecode.swift; path = PopUpView.swift; sourceTree = "<group>"; };
		F3E7D3081FE53F300070B027 /* Service.swift */ = {isa = PBXFileReference; lastKnownFileType = sourcecode.swift; path = Service.swift; sourceTree = "<group>"; };
		F5E7C0105C4424308CD18E2C /* Pods_MusicPlayer2.framework */ = {isa = PBXFileReference; explicitFileType = wrapper.framework; includeInIndex = 0; path = Pods_MusicPlayer2.framework; sourceTree = BUILT_PRODUCTS_DIR; };
/* End PBXFileReference section */

/* Begin PBXFrameworksBuildPhase section */
		F3E7D2DE1FE43E570070B027 /* Frameworks */ = {
			isa = PBXFrameworksBuildPhase;
			buildActionMask = 2147483647;
			files = (
				2350F8A0A06956695B361483 /* Pods_MusicPlayer2.framework in Frameworks */,
			);
			runOnlyForDeploymentPostprocessing = 0;
		};
/* End PBXFrameworksBuildPhase section */

/* Begin PBXGroup section */
		93BDDC3A94917D36DAB40D2C /* Frameworks */ = {
			isa = PBXGroup;
			children = (
				F5E7C0105C4424308CD18E2C /* Pods_MusicPlayer2.framework */,
			);
			name = Frameworks;
			sourceTree = "<group>";
		};
		95EA492F5437A28E66ED04A1 /* Pods */ = {
			isa = PBXGroup;
			children = (
				ACD5F15B06721F2A984FDF3B /* Pods-MusicPlayer2.debug.xcconfig */,
				AA9DAF3F4B5C979066ADDFDC /* Pods-MusicPlayer2.release.xcconfig */,
			);
			name = Pods;
			sourceTree = "<group>";
		};
		F3E7D2D81FE43E570070B027 = {
			isa = PBXGroup;
			children = (
				F3E7D2E31FE43E570070B027 /* MusicPlayer2 */,
				F3E7D2E21FE43E570070B027 /* Products */,
				95EA492F5437A28E66ED04A1 /* Pods */,
				93BDDC3A94917D36DAB40D2C /* Frameworks */,
			);
			sourceTree = "<group>";
		};
		F3E7D2E21FE43E570070B027 /* Products */ = {
			isa = PBXGroup;
			children = (
				F3E7D2E11FE43E570070B027 /* MusicPlayer2.app */,
			);
			name = Products;
			sourceTree = "<group>";
		};
		F3E7D2E31FE43E570070B027 /* MusicPlayer2 */ = {
			isa = PBXGroup;
			children = (
				F3E7D2E41FE43E570070B027 /* AppDelegate.swift */,
				F3E7D3081FE53F300070B027 /* Service.swift */,
				F3E7D2E61FE43E570070B027 /* ViewController.swift */,
				F3E7D3061FE454C30070B027 /* PopUpView.swift */,
				F3E7D3021FE441F60070B027 /* ListCell.swift */,
				F3E7D3041FE4439D0070B027 /* Music.swift */,
				F3E7D2E81FE43E570070B027 /* Main.storyboard */,
				F3E7D2EB1FE43E570070B027 /* Assets.xcassets */,
				F3E7D2FA1FE4401A0070B027 /* 3am - HONNE.m4a */,
				F3E7D2F91FE4401A0070B027 /* Calling Me - Aquilo.m4a */,
				F3E7D2F71FE440190070B027 /* Make you love me (Feat. Zak Abel) - Jarreau Vandal.m4a */,
				F3E7D2F81FE440190070B027 /* Native Son Prequel(Feat. Leo Napier) - Gramatik.m4a */,
				F3E7D2FB1FE4401A0070B027 /* San Francisco Street - Sun Rai.m4a */,
				F3E7D2F61FE440190070B027 /* Who I Am (Feat. LunchMoney Lewis) - Maroon 5.m4a */,
				F3E7D2ED1FE43E570070B027 /* LaunchScreen.storyboard */,
				F3E7D2F01FE43E570070B027 /* Info.plist */,
			);
			path = MusicPlayer2;
			sourceTree = "<group>";
		};
/* End PBXGroup section */

/* Begin PBXNativeTarget section */
		F3E7D2E01FE43E570070B027 /* MusicPlayer2 */ = {
			isa = PBXNativeTarget;
			buildConfigurationList = F3E7D2F31FE43E570070B027 /* Build configuration list for PBXNativeTarget "MusicPlayer2" */;
			buildPhases = (
				01F70407E8072F53A50FA1B9 /* [CP] Check Pods Manifest.lock */,
				F3E7D2DD1FE43E570070B027 /* Sources */,
				F3E7D2DE1FE43E570070B027 /* Frameworks */,
				F3E7D2DF1FE43E570070B027 /* Resources */,
				300386B19E8B79B9B42D5C64 /* [CP] Embed Pods Frameworks */,
				D4ACF0E2DB77330A2EC788EF /* [CP] Copy Pods Resources */,
			);
			buildRules = (
			);
			dependencies = (
			);
			name = MusicPlayer2;
			productName = MusicPlayer2;
			productReference = F3E7D2E11FE43E570070B027 /* MusicPlayer2.app */;
			productType = "com.apple.product-type.application";
		};
/* End PBXNativeTarget section */

/* Begin PBXProject section */
		F3E7D2D91FE43E570070B027 /* Project object */ = {
			isa = PBXProject;
			attributes = {
				LastSwiftUpdateCheck = 0910;
				LastUpgradeCheck = 0910;
				ORGANIZATIONNAME = JinseonKim;
				TargetAttributes = {
					F3E7D2E01FE43E570070B027 = {
						CreatedOnToolsVersion = 9.1;
						ProvisioningStyle = Automatic;
					};
				};
			};
			buildConfigurationList = F3E7D2DC1FE43E570070B027 /* Build configuration list for PBXProject "MusicPlayer2" */;
			compatibilityVersion = "Xcode 8.0";
			developmentRegion = en;
			hasScannedForEncodings = 0;
			knownRegions = (
				en,
				Base,
			);
			mainGroup = F3E7D2D81FE43E570070B027;
			productRefGroup = F3E7D2E21FE43E570070B027 /* Products */;
			projectDirPath = "";
			projectRoot = "";
			targets = (
				F3E7D2E01FE43E570070B027 /* MusicPlayer2 */,
			);
		};
/* End PBXProject section */

/* Begin PBXResourcesBuildPhase section */
		F3E7D2DF1FE43E570070B027 /* Resources */ = {
			isa = PBXResourcesBuildPhase;
			buildActionMask = 2147483647;
			files = (
				F3E7D2FC1FE4401A0070B027 /* Who I Am (Feat. LunchMoney Lewis) - Maroon 5.m4a in Resources */,
				F3E7D2EF1FE43E570070B027 /* LaunchScreen.storyboard in Resources */,
				F3E7D2FD1FE4401A0070B027 /* Make you love me (Feat. Zak Abel) - Jarreau Vandal.m4a in Resources */,
				F3E7D2FF1FE4401A0070B027 /* Calling Me - Aquilo.m4a in Resources */,
				F3E7D2FE1FE4401A0070B027 /* Native Son Prequel(Feat. Leo Napier) - Gramatik.m4a in Resources */,
				F3E7D3001FE4401A0070B027 /* 3am - HONNE.m4a in Resources */,
				F3E7D2EC1FE43E570070B027 /* Assets.xcassets in Resources */,
				F3E7D2EA1FE43E570070B027 /* Main.storyboard in Resources */,
				F3E7D3011FE4401A0070B027 /* San Francisco Street - Sun Rai.m4a in Resources */,
			);
			runOnlyForDeploymentPostprocessing = 0;
		};
/* End PBXResourcesBuildPhase section */

/* Begin PBXShellScriptBuildPhase section */
		01F70407E8072F53A50FA1B9 /* [CP] Check Pods Manifest.lock */ = {
			isa = PBXShellScriptBuildPhase;
			buildActionMask = 2147483647;
			files = (
			);
			inputPaths = (
				"${PODS_PODFILE_DIR_PATH}/Podfile.lock",
				"${PODS_ROOT}/Manifest.lock",
			);
			name = "[CP] Check Pods Manifest.lock";
			outputPaths = (
				"$(DERIVED_FILE_DIR)/Pods-MusicPlayer2-checkManifestLockResult.txt",
			);
			runOnlyForDeploymentPostprocessing = 0;
			shellPath = /bin/sh;
			shellScript = "diff \"${PODS_PODFILE_DIR_PATH}/Podfile.lock\" \"${PODS_ROOT}/Manifest.lock\" > /dev/null\nif [ $? != 0 ] ; then\n    # print error to STDERR\n    echo \"error: The sandbox is not in sync with the Podfile.lock. Run 'pod install' or update your CocoaPods installation.\" >&2\n    exit 1\nfi\n# This output is used by Xcode 'outputs' to avoid re-running this script phase.\necho \"SUCCESS\" > \"${SCRIPT_OUTPUT_FILE_0}\"\n";
			showEnvVarsInLog = 0;
		};
		300386B19E8B79B9B42D5C64 /* [CP] Embed Pods Frameworks */ = {
			isa = PBXShellScriptBuildPhase;
			buildActionMask = 2147483647;
			files = (
			);
			inputPaths = (
				"${SRCROOT}/Pods/Target Support Files/Pods-MusicPlayer2/Pods-MusicPlayer2-frameworks.sh",
				"${BUILT_PRODUCTS_DIR}/SwiftyJSON/SwiftyJSON.framework",
			);
			name = "[CP] Embed Pods Frameworks";
			outputPaths = (
				"${TARGET_BUILD_DIR}/${FRAMEWORKS_FOLDER_PATH}/SwiftyJSON.framework",
			);
			runOnlyForDeploymentPostprocessing = 0;
			shellPath = /bin/sh;
			shellScript = "\"${SRCROOT}/Pods/Target Support Files/Pods-MusicPlayer2/Pods-MusicPlayer2-frameworks.sh\"\n";
			showEnvVarsInLog = 0;
		};
		D4ACF0E2DB77330A2EC788EF /* [CP] Copy Pods Resources */ = {
			isa = PBXShellScriptBuildPhase;
			buildActionMask = 2147483647;
			files = (
			);
			inputPaths = (
			);
			name = "[CP] Copy Pods Resources";
			outputPaths = (
			);
			runOnlyForDeploymentPostprocessing = 0;
			shellPath = /bin/sh;
			shellScript = "\"${SRCROOT}/Pods/Target Support Files/Pods-MusicPlayer2/Pods-MusicPlayer2-resources.sh\"\n";
			showEnvVarsInLog = 0;
		};
/* End PBXShellScriptBuildPhase section */

/* Begin PBXSourcesBuildPhase section */
		F3E7D2DD1FE43E570070B027 /* Sources */ = {
			isa = PBXSourcesBuildPhase;
			buildActionMask = 2147483647;
			files = (
				F3E7D3071FE454C30070B027 /* PopUpView.swift in Sources */,
				F3E7D3031FE441F60070B027 /* ListCell.swift in Sources */,
				F3E7D2E71FE43E570070B027 /* ViewController.swift in Sources */,
				F3E7D2E51FE43E570070B027 /* AppDelegate.swift in Sources */,
				F3E7D3051FE4439D0070B027 /* Music.swift in Sources */,
				F3E7D3091FE53F300070B027 /* Service.swift in Sources */,
			);
			runOnlyForDeploymentPostprocessing = 0;
		};
/* End PBXSourcesBuildPhase section */

/* Begin PBXVariantGroup section */
		F3E7D2E81FE43E570070B027 /* Main.storyboard */ = {
			isa = PBXVariantGroup;
			children = (
				F3E7D2E91FE43E570070B027 /* Base */,
			);
			name = Main.storyboard;
			sourceTree = "<group>";
		};
		F3E7D2ED1FE43E570070B027 /* LaunchScreen.storyboard */ = {
			isa = PBXVariantGroup;
			children = (
				F3E7D2EE1FE43E570070B027 /* Base */,
			);
			name = LaunchScreen.storyboard;
			sourceTree = "<group>";
		};
/* End PBXVariantGroup section */

/* Begin XCBuildConfiguration section */
		F3E7D2F11FE43E570070B027 /* Debug */ = {
			isa = XCBuildConfiguration;
			buildSettings = {
				ALWAYS_SEARCH_USER_PATHS = NO;
				CLANG_ANALYZER_NONNULL = YES;
				CLANG_ANALYZER_NUMBER_OBJECT_CONVERSION = YES_AGGRESSIVE;
				CLANG_CXX_LANGUAGE_STANDARD = "gnu++14";
				CLANG_CXX_LIBRARY = "libc++";
				CLANG_ENABLE_MODULES = YES;
				CLANG_ENABLE_OBJC_ARC = YES;
				CLANG_WARN_BLOCK_CAPTURE_AUTORELEASING = YES;
				CLANG_WARN_BOOL_CONVERSION = YES;
				CLANG_WARN_COMMA = YES;
				CLANG_WARN_CONSTANT_CONVERSION = YES;
				CLANG_WARN_DIRECT_OBJC_ISA_USAGE = YES_ERROR;
				CLANG_WARN_DOCUMENTATION_COMMENTS = YES;
				CLANG_WARN_EMPTY_BODY = YES;
				CLANG_WARN_ENUM_CONVERSION = YES;
				CLANG_WARN_INFINITE_RECURSION = YES;
				CLANG_WARN_INT_CONVERSION = YES;
				CLANG_WARN_NON_LITERAL_NULL_CONVERSION = YES;
				CLANG_WARN_OBJC_LITERAL_CONVERSION = YES;
				CLANG_WARN_OBJC_ROOT_CLASS = YES_ERROR;
				CLANG_WARN_RANGE_LOOP_ANALYSIS = YES;
				CLANG_WARN_STRICT_PROTOTYPES = YES;
				CLANG_WARN_SUSPICIOUS_MOVE = YES;
				CLANG_WARN_UNGUARDED_AVAILABILITY = YES_AGGRESSIVE;
				CLANG_WARN_UNREACHABLE_CODE = YES;
				CLANG_WARN__DUPLICATE_METHOD_MATCH = YES;
				CODE_SIGN_IDENTITY = "iPhone Developer";
				COPY_PHASE_STRIP = NO;
				DEBUG_INFORMATION_FORMAT = dwarf;
				ENABLE_STRICT_OBJC_MSGSEND = YES;
				ENABLE_TESTABILITY = YES;
				GCC_C_LANGUAGE_STANDARD = gnu11;
				GCC_DYNAMIC_NO_PIC = NO;
				GCC_NO_COMMON_BLOCKS = YES;
				GCC_OPTIMIZATION_LEVEL = 0;
				GCC_PREPROCESSOR_DEFINITIONS = (
					"DEBUG=1",
					"$(inherited)",
				);
				GCC_WARN_64_TO_32_BIT_CONVERSION = YES;
				GCC_WARN_ABOUT_RETURN_TYPE = YES_ERROR;
				GCC_WARN_UNDECLARED_SELECTOR = YES;
				GCC_WARN_UNINITIALIZED_AUTOS = YES_AGGRESSIVE;
				GCC_WARN_UNUSED_FUNCTION = YES;
				GCC_WARN_UNUSED_VARIABLE = YES;
				IPHONEOS_DEPLOYMENT_TARGET = 11.1;
				MTL_ENABLE_DEBUG_INFO = YES;
				ONLY_ACTIVE_ARCH = YES;
				SDKROOT = iphoneos;
				SWIFT_ACTIVE_COMPILATION_CONDITIONS = DEBUG;
				SWIFT_OPTIMIZATION_LEVEL = "-Onone";
			};
			name = Debug;
		};
		F3E7D2F21FE43E570070B027 /* Release */ = {
			isa = XCBuildConfiguration;
			buildSettings = {
				ALWAYS_SEARCH_USER_PATHS = NO;
				CLANG_ANALYZER_NONNULL = YES;
				CLANG_ANALYZER_NUMBER_OBJECT_CONVERSION = YES_AGGRESSIVE;
				CLANG_CXX_LANGUAGE_STANDARD = "gnu++14";
				CLANG_CXX_LIBRARY = "libc++";
				CLANG_ENABLE_MODULES = YES;
				CLANG_ENABLE_OBJC_ARC = YES;
				CLANG_WARN_BLOCK_CAPTURE_AUTORELEASING = YES;
				CLANG_WARN_BOOL_CONVERSION = YES;
				CLANG_WARN_COMMA = YES;
				CLANG_WARN_CONSTANT_CONVERSION = YES;
				CLANG_WARN_DIRECT_OBJC_ISA_USAGE = YES_ERROR;
				CLANG_WARN_DOCUMENTATION_COMMENTS = YES;
				CLANG_WARN_EMPTY_BODY = YES;
				CLANG_WARN_ENUM_CONVERSION = YES;
				CLANG_WARN_INFINITE_RECURSION = YES;
				CLANG_WARN_INT_CONVERSION = YES;
				CLANG_WARN_NON_LITERAL_NULL_CONVERSION = YES;
				CLANG_WARN_OBJC_LITERAL_CONVERSION = YES;
				CLANG_WARN_OBJC_ROOT_CLASS = YES_ERROR;
				CLANG_WARN_RANGE_LOOP_ANALYSIS = YES;
				CLANG_WARN_STRICT_PROTOTYPES = YES;
				CLANG_WARN_SUSPICIOUS_MOVE = YES;
				CLANG_WARN_UNGUARDED_AVAILABILITY = YES_AGGRESSIVE;
				CLANG_WARN_UNREACHABLE_CODE = YES;
				CLANG_WARN__DUPLICATE_METHOD_MATCH = YES;
				CODE_SIGN_IDENTITY = "iPhone Developer";
				COPY_PHASE_STRIP = NO;
				DEBUG_INFORMATION_FORMAT = "dwarf-with-dsym";
				ENABLE_NS_ASSERTIONS = NO;
				ENABLE_STRICT_OBJC_MSGSEND = YES;
				GCC_C_LANGUAGE_STANDARD = gnu11;
				GCC_NO_COMMON_BLOCKS = YES;
				GCC_WARN_64_TO_32_BIT_CONVERSION = YES;
				GCC_WARN_ABOUT_RETURN_TYPE = YES_ERROR;
				GCC_WARN_UNDECLARED_SELECTOR = YES;
				GCC_WARN_UNINITIALIZED_AUTOS = YES_AGGRESSIVE;
				GCC_WARN_UNUSED_FUNCTION = YES;
				GCC_WARN_UNUSED_VARIABLE = YES;
				IPHONEOS_DEPLOYMENT_TARGET = 11.1;
				MTL_ENABLE_DEBUG_INFO = NO;
				SDKROOT = iphoneos;
				SWIFT_OPTIMIZATION_LEVEL = "-Owholemodule";
				VALIDATE_PRODUCT = YES;
			};
			name = Release;
		};
		F3E7D2F41FE43E570070B027 /* Debug */ = {
			isa = XCBuildConfiguration;
			baseConfigurationReference = ACD5F15B06721F2A984FDF3B /* Pods-MusicPlayer2.debug.xcconfig */;
			buildSettings = {
				ASSETCATALOG_COMPILER_APPICON_NAME = AppIcon;
				CODE_SIGN_STYLE = Automatic;
				DEVELOPMENT_TEAM = 7664AFA9ZS;
				INFOPLIST_FILE = MusicPlayer2/Info.plist;
				LD_RUNPATH_SEARCH_PATHS = "$(inherited) @executable_path/Frameworks";
				PRODUCT_BUNDLE_IDENTIFIER = com.jinseonkim.MusicPlayer2;
				PRODUCT_NAME = "$(TARGET_NAME)";
				SWIFT_VERSION = 4.0;
				TARGETED_DEVICE_FAMILY = "1,2";
			};
			name = Debug;
		};
		F3E7D2F51FE43E570070B027 /* Release */ = {
			isa = XCBuildConfiguration;
			baseConfigurationReference = AA9DAF3F4B5C979066ADDFDC /* Pods-MusicPlayer2.release.xcconfig */;
			buildSettings = {
				ASSETCATALOG_COMPILER_APPICON_NAME = AppIcon;
				CODE_SIGN_STYLE = Automatic;
				DEVELOPMENT_TEAM = 7664AFA9ZS;
				INFOPLIST_FILE = MusicPlayer2/Info.plist;
				LD_RUNPATH_SEARCH_PATHS = "$(inherited) @executable_path/Frameworks";
				PRODUCT_BUNDLE_IDENTIFIER = com.jinseonkim.MusicPlayer2;
				PRODUCT_NAME = "$(TARGET_NAME)";
				SWIFT_VERSION = 4.0;
				TARGETED_DEVICE_FAMILY = "1,2";
			};
			name = Release;
		};
/* End XCBuildConfiguration section */

/* Begin XCConfigurationList section */
		F3E7D2DC1FE43E570070B027 /* Build configuration list for PBXProject "MusicPlayer2" */ = {
			isa = XCConfigurationList;
			buildConfigurations = (
				F3E7D2F11FE43E570070B027 /* Debug */,
				F3E7D2F21FE43E570070B027 /* Release */,
			);
			defaultConfigurationIsVisible = 0;
			defaultConfigurationName = Release;
		};
		F3E7D2F31FE43E570070B027 /* Build configuration list for PBXNativeTarget "MusicPlayer2" */ = {
			isa = XCConfigurationList;
			buildConfigurations = (
				F3E7D2F41FE43E570070B027 /* Debug */,
				F3E7D2F51FE43E570070B027 /* Release */,
			);
			defaultConfigurationIsVisible = 0;
			defaultConfigurationName = Release;
		};
/* End XCConfigurationList section */
	};
	rootObject = F3E7D2D91FE43E570070B027 /* Project object */;
}
